
Microsoft Visual Studio Solution File, Format Version 12.00
# Visual Studio Version 17
VisualStudioVersion = 17.3.32929.385
MinimumVisualStudioVersion = 10.0.40219.1
Project("{9A19103F-16F7-4668-BE54-9A1E7A4F7556}") = "ExerciseWebApp", "ExerciseWebApp\ExerciseWebApp.csproj", "{74F06EFD-EB57-4E4A-B6B2-E3F2091B39FD}"
EndProject
Project("{FAE04EC0-301F-11D3-BF4B-00C04F79EFBC}") = "InMemoryStorageLibrary", "InMemoryStorageLibrary\InMemoryStorageLibrary.csproj", "{7BEB9064-DFAC-47DE-B60B-D86807785AF2}"
EndProject
Project("{FAE04EC0-301F-11D3-BF4B-00C04F79EFBC}") = "EntitiesLibrary", "EntitiesLibrary\EntitiesLibrary.csproj", "{45B832B1-4C36-419D-A2C8-71ED177184EB}"
EndProject
Project("{FAE04EC0-301F-11D3-BF4B-00C04F79EFBC}") = "DataParserLibrary", "DataParserLibrary\DataParserLibrary.csproj", "{93DC8B04-658E-4DE0-9EFD-773D3E8E83B4}"
EndProject
Project("{FAE04EC0-301F-11D3-BF4B-00C04F79EFBC}") = "UnitTestsLibrary", "UnitTestsLibrary\UnitTestsLibrary.csproj", "{7CD24A29-ADAC-4E62-AEF1-0969DE86460C}"
EndProject
Global
	GlobalSection(SolutionConfigurationPlatforms) = preSolution
		Debug|Any CPU = Debug|Any CPU
		Release|Any CPU = Release|Any CPU
	EndGlobalSection
	GlobalSection(ProjectConfigurationPlatforms) = postSolution
		{74F06EFD-EB57-4E4A-B6B2-E3F2091B39FD}.Debug|Any CPU.ActiveCfg = Debug|Any CPU
		{74F06EFD-EB57-4E4A-B6B2-E3F2091B39FD}.Debug|Any CPU.Build.0 = Debug|Any CPU
		{74F06EFD-EB57-4E4A-B6B2-E3F2091B39FD}.Release|Any CPU.ActiveCfg = Release|Any CPU
		{74F06EFD-EB57-4E4A-B6B2-E3F2091B39FD}.Release|Any CPU.Build.0 = Release|Any CPU
		{7BEB9064-DFAC-47DE-B60B-D86807785AF2}.Debug|Any CPU.ActiveCfg = Debug|Any CPU
		{7BEB9064-DFAC-47DE-B60B-D86807785AF2}.Debug|Any CPU.Build.0 = Debug|Any CPU
		{7BEB9064-DFAC-47DE-B60B-D86807785AF2}.Release|Any CPU.ActiveCfg = Release|Any CPU
		{7BEB9064-DFAC-47DE-B60B-D86807785AF2}.Release|Any CPU.Build.0 = Release|Any CPU
		{45B832B1-4C36-419D-A2C8-71ED177184EB}.Debug|Any CPU.ActiveCfg = Debug|Any CPU
		{45B832B1-4C36-419D-A2C8-71ED177184EB}.Debug|Any CPU.Build.0 = Debug|Any CPU
		{45B832B1-4C36-419D-A2C8-71ED177184EB}.Release|Any CPU.ActiveCfg = Release|Any CPU
		{45B832B1-4C36-419D-A2C8-71ED177184EB}.Release|Any CPU.Build.0 = Release|Any CPU
		{93DC8B04-658E-4DE0-9EFD-773D3E8E83B4}.Debug|Any CPU.ActiveCfg = Debug|Any CPU
		{93DC8B04-658E-4DE0-9EFD-773D3E8E83B4}.Debug|Any CPU.Build.0 = Debug|Any CPU
		{93DC8B04-658E-4DE0-9EFD-773D3E8E83B4}.Release|Any CPU.ActiveCfg = Release|Any CPU
		{93DC8B04-658E-4DE0-9EFD-773D3E8E83B4}.Release|Any CPU.Build.0 = Release|Any CPU
		{7CD24A29-ADAC-4E62-AEF1-0969DE86460C}.Debug|Any CPU.ActiveCfg = Debug|Any CPU
		{7CD24A29-ADAC-4E62-AEF1-0969DE86460C}.Debug|Any CPU.Build.0 = Debug|Any CPU
		{7CD24A29-ADAC-4E62-AEF1-0969DE86460C}.Release|Any CPU.ActiveCfg = Release|Any CPU
		{7CD24A29-ADAC-4E62-AEF1-0969DE86460C}.Release|Any CPU.Build.0 = Release|Any CPU
	EndGlobalSection
	GlobalSection(SolutionProperties) = preSolution
		HideSolutionNode = FALSE
	EndGlobalSection
	GlobalSection(ExtensibilityGlobals) = postSolution
		SolutionGuid = {925BB0AD-B1BC-49D9-93A7-07441850C55F}
	EndGlobalSection
EndGlobal
